
Microsoft Visual Studio Solution File, Format Version 11.00
# Visual Studio 2010
Project("{FAE04EC0-301F-11D3-BF4B-00C04F79EFBC}") = "BubbleChart", "BubbleChart\BubbleChart.csproj", "{22439D9A-71EF-46F9-9681-FDA2E451C8A3}"
EndProject
Project("{FAE04EC0-301F-11D3-BF4B-00C04F79EFBC}") = "BubbleChart.Web", "BubbleChart.Web\BubbleChart.Web.csproj", "{8EA9F53D-D7C1-4FF2-897A-F9965935AE81}"
EndProject
Project("{FAE04EC0-301F-11D3-BF4B-00C04F79EFBC}") = "BubbleChart.Controls", "BubbleChart.Controls\BubbleChart.Controls.csproj", "{CABFC521-B900-4755-9419-AEFB9322B2DB}"
EndProject
Global
	GlobalSection(SubversionScc) = preSolution
		Svn-Managed = True
		Manager = AnkhSVN - Subversion Support for Visual Studio
	EndGlobalSection
	GlobalSection(SolutionConfigurationPlatforms) = preSolution
		Debug|Any CPU = Debug|Any CPU
		Release|Any CPU = Release|Any CPU
	EndGlobalSection
	GlobalSection(ProjectConfigurationPlatforms) = postSolution
		{22439D9A-71EF-46F9-9681-FDA2E451C8A3}.Debug|Any CPU.ActiveCfg = Debug|Any CPU
		{22439D9A-71EF-46F9-9681-FDA2E451C8A3}.Debug|Any CPU.Build.0 = Debug|Any CPU
		{22439D9A-71EF-46F9-9681-FDA2E451C8A3}.Release|Any CPU.ActiveCfg = Release|Any CPU
		{22439D9A-71EF-46F9-9681-FDA2E451C8A3}.Release|Any CPU.Build.0 = Release|Any CPU
		{8EA9F53D-D7C1-4FF2-897A-F9965935AE81}.Debug|Any CPU.ActiveCfg = Debug|Any CPU
		{8EA9F53D-D7C1-4FF2-897A-F9965935AE81}.Debug|Any CPU.Build.0 = Debug|Any CPU
		{8EA9F53D-D7C1-4FF2-897A-F9965935AE81}.Release|Any CPU.ActiveCfg = Release|Any CPU
		{8EA9F53D-D7C1-4FF2-897A-F9965935AE81}.Release|Any CPU.Build.0 = Release|Any CPU
		{CABFC521-B900-4755-9419-AEFB9322B2DB}.Debug|Any CPU.ActiveCfg = Debug|Any CPU
		{CABFC521-B900-4755-9419-AEFB9322B2DB}.Debug|Any CPU.Build.0 = Debug|Any CPU
		{CABFC521-B900-4755-9419-AEFB9322B2DB}.Release|Any CPU.ActiveCfg = Release|Any CPU
		{CABFC521-B900-4755-9419-AEFB9322B2DB}.Release|Any CPU.Build.0 = Release|Any CPU
	EndGlobalSection
	GlobalSection(SolutionProperties) = preSolution
		HideSolutionNode = FALSE
	EndGlobalSection
EndGlobal
